
Microsoft Visual Studio Solution File, Format Version 12.00
# Visual Studio 2013
VisualStudioVersion = 12.0.40629.0
MinimumVisualStudioVersion = 10.0.40219.1
Project("{FAE04EC0-301F-11D3-BF4B-00C04F79EFBC}") = "Squash", "Squash\Squash.csproj", "{BD790992-1351-4A9F-B085-E617124530A9}"
EndProject
Project("{FAE04EC0-301F-11D3-BF4B-00C04F79EFBC}") = "Squash.Tests", "Squash.Tests\Squash.Tests.csproj", "{80B67206-1563-4B92-BCC3-08A0D3893AB6}"
EndProject
Global
	GlobalSection(SolutionConfigurationPlatforms) = preSolution
		Debug|Any CPU = Debug|Any CPU
		Release|Any CPU = Release|Any CPU
	EndGlobalSection
	GlobalSection(ProjectConfigurationPlatforms) = postSolution
		{BD790992-1351-4A9F-B085-E617124530A9}.Debug|Any CPU.ActiveCfg = Debug|Any CPU
		{BD790992-1351-4A9F-B085-E617124530A9}.Debug|Any CPU.Build.0 = Debug|Any CPU
		{BD790992-1351-4A9F-B085-E617124530A9}.Release|Any CPU.ActiveCfg = Release|Any CPU
		{BD790992-1351-4A9F-B085-E617124530A9}.Release|Any CPU.Build.0 = Release|Any CPU
		{80B67206-1563-4B92-BCC3-08A0D3893AB6}.Debug|Any CPU.ActiveCfg = Debug|Any CPU
		{80B67206-1563-4B92-BCC3-08A0D3893AB6}.Debug|Any CPU.Build.0 = Debug|Any CPU
		{80B67206-1563-4B92-BCC3-08A0D3893AB6}.Release|Any CPU.ActiveCfg = Release|Any CPU
		{80B67206-1563-4B92-BCC3-08A0D3893AB6}.Release|Any CPU.Build.0 = Release|Any CPU
	EndGlobalSection
	GlobalSection(SolutionProperties) = preSolution
		HideSolutionNode = FALSE
	EndGlobalSection
EndGlobal
